// !$*UTF8*$!
{
	archiveVersion = 1;
	classes = {
	};
	objectVersion = 48;
	objects = {

/* Begin PBXBuildFile section */
		BF02DA601FD5C82500827A31 /* MenuBar.swift in Sources */ = {isa = PBXBuildFile; fileRef = BF02DA5F1FD5C82500827A31 /* MenuBar.swift */; };
		BF02DA621FD5D15400827A31 /* MenuCell.swift in Sources */ = {isa = PBXBuildFile; fileRef = BF02DA611FD5D15400827A31 /* MenuCell.swift */; };
		BF02DA641FD5D1EE00827A31 /* BaseCell.swift in Sources */ = {isa = PBXBuildFile; fileRef = BF02DA631FD5D1EE00827A31 /* BaseCell.swift */; };
		BF24A2641FD6879100770439 /* BaseJsonObject.swift in Sources */ = {isa = PBXBuildFile; fileRef = BF24A2631FD6879100770439 /* BaseJsonObject.swift */; };
		BF5C11E01FD5709200C13455 /* AppDelegate.swift in Sources */ = {isa = PBXBuildFile; fileRef = BF5C11DF1FD5709200C13455 /* AppDelegate.swift */; };
		BF5C11E21FD5709200C13455 /* HomeController.swift in Sources */ = {isa = PBXBuildFile; fileRef = BF5C11E11FD5709200C13455 /* HomeController.swift */; };
		BF5C11E71FD5709200C13455 /* Assets.xcassets in Resources */ = {isa = PBXBuildFile; fileRef = BF5C11E61FD5709200C13455 /* Assets.xcassets */; };
		BF5C11F41FD5801900C13455 /* Extensions+UIViewController.swift in Sources */ = {isa = PBXBuildFile; fileRef = BF5C11F21FD5801900C13455 /* Extensions+UIViewController.swift */; };
		BF5C11F51FD5801900C13455 /* Extensions.swift in Sources */ = {isa = PBXBuildFile; fileRef = BF5C11F31FD5801900C13455 /* Extensions.swift */; };
		BF5C11F71FD5805800C13455 /* Extensions+UIView.swift in Sources */ = {isa = PBXBuildFile; fileRef = BF5C11F61FD5805800C13455 /* Extensions+UIView.swift */; };
		BF5C11F91FD5813500C13455 /* Extensions+String.swift in Sources */ = {isa = PBXBuildFile; fileRef = BF5C11F81FD5813500C13455 /* Extensions+String.swift */; };
		BF5C11FB1FD5816600C13455 /* Extensions+UIImageView.swift in Sources */ = {isa = PBXBuildFile; fileRef = BF5C11FA1FD5816600C13455 /* Extensions+UIImageView.swift */; };
		BF5C12001FD5828700C13455 /* VideoCell.swift in Sources */ = {isa = PBXBuildFile; fileRef = BF5C11FF1FD5828700C13455 /* VideoCell.swift */; };
		BFD663111FD64C1E009945C9 /* Video.swift in Sources */ = {isa = PBXBuildFile; fileRef = BFD663101FD64C1E009945C9 /* Video.swift */; };
		BFD663131FD64EA2009945C9 /* Channel.swift in Sources */ = {isa = PBXBuildFile; fileRef = BFD663121FD64EA2009945C9 /* Channel.swift */; };
/* End PBXBuildFile section */

/* Begin PBXFileReference section */
		BF02DA5F1FD5C82500827A31 /* MenuBar.swift */ = {isa = PBXFileReference; lastKnownFileType = sourcecode.swift; path = MenuBar.swift; sourceTree = "<group>"; };
		BF02DA611FD5D15400827A31 /* MenuCell.swift */ = {isa = PBXFileReference; lastKnownFileType = sourcecode.swift; path = MenuCell.swift; sourceTree = "<group>"; };
		BF02DA631FD5D1EE00827A31 /* BaseCell.swift */ = {isa = PBXFileReference; lastKnownFileType = sourcecode.swift; path = BaseCell.swift; sourceTree = "<group>"; };
		BF24A2631FD6879100770439 /* BaseJsonObject.swift */ = {isa = PBXFileReference; lastKnownFileType = sourcecode.swift; path = BaseJsonObject.swift; sourceTree = "<group>"; };
		BF5C11DC1FD5709200C13455 /* YouTube.app */ = {isa = PBXFileReference; explicitFileType = wrapper.application; includeInIndex = 0; path = YouTube.app; sourceTree = BUILT_PRODUCTS_DIR; };
		BF5C11DF1FD5709200C13455 /* AppDelegate.swift */ = {isa = PBXFileReference; lastKnownFileType = sourcecode.swift; path = AppDelegate.swift; sourceTree = "<group>"; };
		BF5C11E11FD5709200C13455 /* HomeController.swift */ = {isa = PBXFileReference; lastKnownFileType = sourcecode.swift; path = HomeController.swift; sourceTree = "<group>"; };
		BF5C11E61FD5709200C13455 /* Assets.xcassets */ = {isa = PBXFileReference; lastKnownFileType = folder.assetcatalog; path = Assets.xcassets; sourceTree = "<group>"; };
		BF5C11EB1FD5709200C13455 /* Info.plist */ = {isa = PBXFileReference; lastKnownFileType = text.plist.xml; path = Info.plist; sourceTree = "<group>"; };
		BF5C11F21FD5801900C13455 /* Extensions+UIViewController.swift */ = {isa = PBXFileReference; fileEncoding = 4; lastKnownFileType = sourcecode.swift; path = "Extensions+UIViewController.swift"; sourceTree = "<group>"; };
		BF5C11F31FD5801900C13455 /* Extensions.swift */ = {isa = PBXFileReference; fileEncoding = 4; lastKnownFileType = sourcecode.swift; path = Extensions.swift; sourceTree = "<group>"; };
		BF5C11F61FD5805800C13455 /* Extensions+UIView.swift */ = {isa = PBXFileReference; lastKnownFileType = sourcecode.swift; path = "Extensions+UIView.swift"; sourceTree = "<group>"; };
		BF5C11F81FD5813500C13455 /* Extensions+String.swift */ = {isa = PBXFileReference; lastKnownFileType = sourcecode.swift; path = "Extensions+String.swift"; sourceTree = "<group>"; };
		BF5C11FA1FD5816600C13455 /* Extensions+UIImageView.swift */ = {isa = PBXFileReference; lastKnownFileType = sourcecode.swift; path = "Extensions+UIImageView.swift"; sourceTree = "<group>"; };
		BF5C11FF1FD5828700C13455 /* VideoCell.swift */ = {isa = PBXFileReference; lastKnownFileType = sourcecode.swift; path = VideoCell.swift; sourceTree = "<group>"; };
		BFD663101FD64C1E009945C9 /* Video.swift */ = {isa = PBXFileReference; lastKnownFileType = sourcecode.swift; path = Video.swift; sourceTree = "<group>"; };
		BFD663121FD64EA2009945C9 /* Channel.swift */ = {isa = PBXFileReference; lastKnownFileType = sourcecode.swift; path = Channel.swift; sourceTree = "<group>"; };
/* End PBXFileReference section */

/* Begin PBXFrameworksBuildPhase section */
		BF5C11D91FD5709200C13455 /* Frameworks */ = {
			isa = PBXFrameworksBuildPhase;
			buildActionMask = 2147483647;
			files = (
			);
			runOnlyForDeploymentPostprocessing = 0;
		};
/* End PBXFrameworksBuildPhase section */

/* Begin PBXGroup section */
		BF5C11D31FD5709200C13455 = {
			isa = PBXGroup;
			children = (
				BF5C11DE1FD5709200C13455 /* YouTube */,
				BF5C11DD1FD5709200C13455 /* Products */,
			);
			sourceTree = "<group>";
		};
		BF5C11DD1FD5709200C13455 /* Products */ = {
			isa = PBXGroup;
			children = (
				BF5C11DC1FD5709200C13455 /* YouTube.app */,
			);
			name = Products;
			sourceTree = "<group>";
		};
		BF5C11DE1FD5709200C13455 /* YouTube */ = {
			isa = PBXGroup;
			children = (
				BF5C11FE1FD581CC00C13455 /* Model */,
				BF5C11FD1FD581C100C13455 /* Controller */,
				BF5C11FC1FD581BA00C13455 /* View */,
				BF5C11F11FD5801900C13455 /* Utils */,
				BF5C11DF1FD5709200C13455 /* AppDelegate.swift */,
				BF5C11E61FD5709200C13455 /* Assets.xcassets */,
				BF5C11EB1FD5709200C13455 /* Info.plist */,
			);
			path = YouTube;
			sourceTree = "<group>";
		};
		BF5C11F11FD5801900C13455 /* Utils */ = {
			isa = PBXGroup;
			children = (
				BF5C11F21FD5801900C13455 /* Extensions+UIViewController.swift */,
				BF5C11F31FD5801900C13455 /* Extensions.swift */,
				BF5C11F61FD5805800C13455 /* Extensions+UIView.swift */,
				BF5C11F81FD5813500C13455 /* Extensions+String.swift */,
				BF5C11FA1FD5816600C13455 /* Extensions+UIImageView.swift */,
			);
			path = Utils;
			sourceTree = "<group>";
		};
		BF5C11FC1FD581BA00C13455 /* View */ = {
			isa = PBXGroup;
			children = (
				BF5C11FF1FD5828700C13455 /* VideoCell.swift */,
				BF02DA5F1FD5C82500827A31 /* MenuBar.swift */,
				BF02DA611FD5D15400827A31 /* MenuCell.swift */,
				BF02DA631FD5D1EE00827A31 /* BaseCell.swift */,
			);
			path = View;
			sourceTree = "<group>";
		};
		BF5C11FD1FD581C100C13455 /* Controller */ = {
			isa = PBXGroup;
			children = (
				BF5C11E11FD5709200C13455 /* HomeController.swift */,
			);
			path = Controller;
			sourceTree = "<group>";
		};
		BF5C11FE1FD581CC00C13455 /* Model */ = {
			isa = PBXGroup;
			children = (
				BFD663101FD64C1E009945C9 /* Video.swift */,
				BFD663121FD64EA2009945C9 /* Channel.swift */,
				BF24A2631FD6879100770439 /* BaseJsonObject.swift */,
			);
			path = Model;
			sourceTree = "<group>";
		};
/* End PBXGroup section */

/* Begin PBXNativeTarget section */
		BF5C11DB1FD5709200C13455 /* YouTube */ = {
			isa = PBXNativeTarget;
			buildConfigurationList = BF5C11EE1FD5709200C13455 /* Build configuration list for PBXNativeTarget "YouTube" */;
			buildPhases = (
				BF5C11D81FD5709200C13455 /* Sources */,
				BF5C11D91FD5709200C13455 /* Frameworks */,
				BF5C11DA1FD5709200C13455 /* Resources */,
			);
			buildRules = (
			);
			dependencies = (
			);
			name = YouTube;
			productName = YouTube;
			productReference = BF5C11DC1FD5709200C13455 /* YouTube.app */;
			productType = "com.apple.product-type.application";
		};
/* End PBXNativeTarget section */

/* Begin PBXProject section */
		BF5C11D41FD5709200C13455 /* Project object */ = {
			isa = PBXProject;
			attributes = {
				LastSwiftUpdateCheck = 0910;
				LastUpgradeCheck = 0910;
				ORGANIZATIONNAME = "Nguyen The Phuong";
				TargetAttributes = {
					BF5C11DB1FD5709200C13455 = {
						CreatedOnToolsVersion = 9.1;
						ProvisioningStyle = Automatic;
					};
				};
			};
			buildConfigurationList = BF5C11D71FD5709200C13455 /* Build configuration list for PBXProject "YouTube" */;
			compatibilityVersion = "Xcode 8.0";
			developmentRegion = en;
			hasScannedForEncodings = 0;
			knownRegions = (
				en,
				Base,
			);
			mainGroup = BF5C11D31FD5709200C13455;
			productRefGroup = BF5C11DD1FD5709200C13455 /* Products */;
			projectDirPath = "";
			projectRoot = "";
			targets = (
				BF5C11DB1FD5709200C13455 /* YouTube */,
			);
		};
/* End PBXProject section */

/* Begin PBXResourcesBuildPhase section */
		BF5C11DA1FD5709200C13455 /* Resources */ = {
			isa = PBXResourcesBuildPhase;
			buildActionMask = 2147483647;
			files = (
				BF5C11E71FD5709200C13455 /* Assets.xcassets in Resources */,
			);
			runOnlyForDeploymentPostprocessing = 0;
		};
/* End PBXResourcesBuildPhase section */

/* Begin PBXSourcesBuildPhase section */
		BF5C11D81FD5709200C13455 /* Sources */ = {
			isa = PBXSourcesBuildPhase;
			buildActionMask = 2147483647;
			files = (
				BF5C11E21FD5709200C13455 /* HomeController.swift in Sources */,
				BFD663111FD64C1E009945C9 /* Video.swift in Sources */,
				BF5C11E01FD5709200C13455 /* AppDelegate.swift in Sources */,
				BF5C11FB1FD5816600C13455 /* Extensions+UIImageView.swift in Sources */,
				BFD663131FD64EA2009945C9 /* Channel.swift in Sources */,
				BF5C11F91FD5813500C13455 /* Extensions+String.swift in Sources */,
				BF5C11F41FD5801900C13455 /* Extensions+UIViewController.swift in Sources */,
				BF02DA601FD5C82500827A31 /* MenuBar.swift in Sources */,
				BF5C11F51FD5801900C13455 /* Extensions.swift in Sources */,
				BF02DA641FD5D1EE00827A31 /* BaseCell.swift in Sources */,
				BF5C12001FD5828700C13455 /* VideoCell.swift in Sources */,
				BF5C11F71FD5805800C13455 /* Extensions+UIView.swift in Sources */,
				BF02DA621FD5D15400827A31 /* MenuCell.swift in Sources */,
				BF24A2641FD6879100770439 /* BaseJsonObject.swift in Sources */,
			);
			runOnlyForDeploymentPostprocessing = 0;
		};
/* End PBXSourcesBuildPhase section */

/* Begin XCBuildConfiguration section */
		BF5C11EC1FD5709200C13455 /* Debug */ = {
			isa = XCBuildConfiguration;
			buildSettings = {
				ALWAYS_SEARCH_USER_PATHS = NO;
				CLANG_ANALYZER_NONNULL = YES;
				CLANG_ANALYZER_NUMBER_OBJECT_CONVERSION = YES_AGGRESSIVE;
				CLANG_CXX_LANGUAGE_STANDARD = "gnu++14";
				CLANG_CXX_LIBRARY = "libc++";
				CLANG_ENABLE_MODULES = YES;
				CLANG_ENABLE_OBJC_ARC = YES;
				CLANG_WARN_BLOCK_CAPTURE_AUTORELEASING = YES;
				CLANG_WARN_BOOL_CONVERSION = YES;
				CLANG_WARN_COMMA = YES;
				CLANG_WARN_CONSTANT_CONVERSION = YES;
				CLANG_WARN_DIRECT_OBJC_ISA_USAGE = YES_ERROR;
				CLANG_WARN_DOCUMENTATION_COMMENTS = YES;
				CLANG_WARN_EMPTY_BODY = YES;
				CLANG_WARN_ENUM_CONVERSION = YES;
				CLANG_WARN_INFINITE_RECURSION = YES;
				CLANG_WARN_INT_CONVERSION = YES;
				CLANG_WARN_NON_LITERAL_NULL_CONVERSION = YES;
				CLANG_WARN_OBJC_LITERAL_CONVERSION = YES;
				CLANG_WARN_OBJC_ROOT_CLASS = YES_ERROR;
				CLANG_WARN_RANGE_LOOP_ANALYSIS = YES;
				CLANG_WARN_STRICT_PROTOTYPES = YES;
				CLANG_WARN_SUSPICIOUS_MOVE = YES;
				CLANG_WARN_UNGUARDED_AVAILABILITY = YES_AGGRESSIVE;
				CLANG_WARN_UNREACHABLE_CODE = YES;
				CLANG_WARN__DUPLICATE_METHOD_MATCH = YES;
				CODE_SIGN_IDENTITY = "iPhone Developer";
				COPY_PHASE_STRIP = NO;
				DEBUG_INFORMATION_FORMAT = dwarf;
				ENABLE_STRICT_OBJC_MSGSEND = YES;
				ENABLE_TESTABILITY = YES;
				GCC_C_LANGUAGE_STANDARD = gnu11;
				GCC_DYNAMIC_NO_PIC = NO;
				GCC_NO_COMMON_BLOCKS = YES;
				GCC_OPTIMIZATION_LEVEL = 0;
				GCC_PREPROCESSOR_DEFINITIONS = (
					"DEBUG=1",
					"$(inherited)",
				);
				GCC_WARN_64_TO_32_BIT_CONVERSION = YES;
				GCC_WARN_ABOUT_RETURN_TYPE = YES_ERROR;
				GCC_WARN_UNDECLARED_SELECTOR = YES;
				GCC_WARN_UNINITIALIZED_AUTOS = YES_AGGRESSIVE;
				GCC_WARN_UNUSED_FUNCTION = YES;
				GCC_WARN_UNUSED_VARIABLE = YES;
				IPHONEOS_DEPLOYMENT_TARGET = 11.1;
				MTL_ENABLE_DEBUG_INFO = YES;
				ONLY_ACTIVE_ARCH = YES;
				SDKROOT = iphoneos;
				SWIFT_ACTIVE_COMPILATION_CONDITIONS = DEBUG;
				SWIFT_OPTIMIZATION_LEVEL = "-Onone";
			};
			name = Debug;
		};
		BF5C11ED1FD5709200C13455 /* Release */ = {
			isa = XCBuildConfiguration;
			buildSettings = {
				ALWAYS_SEARCH_USER_PATHS = NO;
				CLANG_ANALYZER_NONNULL = YES;
				CLANG_ANALYZER_NUMBER_OBJECT_CONVERSION = YES_AGGRESSIVE;
				CLANG_CXX_LANGUAGE_STANDARD = "gnu++14";
				CLANG_CXX_LIBRARY = "libc++";
				CLANG_ENABLE_MODULES = YES;
				CLANG_ENABLE_OBJC_ARC = YES;
				CLANG_WARN_BLOCK_CAPTURE_AUTORELEASING = YES;
				CLANG_WARN_BOOL_CONVERSION = YES;
				CLANG_WARN_COMMA = YES;
				CLANG_WARN_CONSTANT_CONVERSION = YES;
				CLANG_WARN_DIRECT_OBJC_ISA_USAGE = YES_ERROR;
				CLANG_WARN_DOCUMENTATION_COMMENTS = YES;
				CLANG_WARN_EMPTY_BODY = YES;
				CLANG_WARN_ENUM_CONVERSION = YES;
				CLANG_WARN_INFINITE_RECURSION = YES;
				CLANG_WARN_INT_CONVERSION = YES;
				CLANG_WARN_NON_LITERAL_NULL_CONVERSION = YES;
				CLANG_WARN_OBJC_LITERAL_CONVERSION = YES;
				CLANG_WARN_OBJC_ROOT_CLASS = YES_ERROR;
				CLANG_WARN_RANGE_LOOP_ANALYSIS = YES;
				CLANG_WARN_STRICT_PROTOTYPES = YES;
				CLANG_WARN_SUSPICIOUS_MOVE = YES;
				CLANG_WARN_UNGUARDED_AVAILABILITY = YES_AGGRESSIVE;
				CLANG_WARN_UNREACHABLE_CODE = YES;
				CLANG_WARN__DUPLICATE_METHOD_MATCH = YES;
				CODE_SIGN_IDENTITY = "iPhone Developer";
				COPY_PHASE_STRIP = NO;
				DEBUG_INFORMATION_FORMAT = "dwarf-with-dsym";
				ENABLE_NS_ASSERTIONS = NO;
				ENABLE_STRICT_OBJC_MSGSEND = YES;
				GCC_C_LANGUAGE_STANDARD = gnu11;
				GCC_NO_COMMON_BLOCKS = YES;
				GCC_WARN_64_TO_32_BIT_CONVERSION = YES;
				GCC_WARN_ABOUT_RETURN_TYPE = YES_ERROR;
				GCC_WARN_UNDECLARED_SELECTOR = YES;
				GCC_WARN_UNINITIALIZED_AUTOS = YES_AGGRESSIVE;
				GCC_WARN_UNUSED_FUNCTION = YES;
				GCC_WARN_UNUSED_VARIABLE = YES;
				IPHONEOS_DEPLOYMENT_TARGET = 11.1;
				MTL_ENABLE_DEBUG_INFO = NO;
				SDKROOT = iphoneos;
				SWIFT_OPTIMIZATION_LEVEL = "-Owholemodule";
				VALIDATE_PRODUCT = YES;
			};
			name = Release;
		};
		BF5C11EF1FD5709200C13455 /* Debug */ = {
			isa = XCBuildConfiguration;
			buildSettings = {
				ASSETCATALOG_COMPILER_APPICON_NAME = AppIcon;
				CODE_SIGN_STYLE = Automatic;
				DEVELOPMENT_TEAM = PQT9G6B78G;
				INFOPLIST_FILE = YouTube/Info.plist;
				IPHONEOS_DEPLOYMENT_TARGET = 10.2;
				LD_RUNPATH_SEARCH_PATHS = "$(inherited) @executable_path/Frameworks";
				PRODUCT_BUNDLE_IDENTIFIER = com.phuongnt.YouTube;
				PRODUCT_NAME = "$(TARGET_NAME)";
				SWIFT_VERSION = 4.0;
				TARGETED_DEVICE_FAMILY = "1,2";
			};
			name = Debug;
		};
		BF5C11F01FD5709200C13455 /* Release */ = {
			isa = XCBuildConfiguration;
			buildSettings = {
				ASSETCATALOG_COMPILER_APPICON_NAME = AppIcon;
				CODE_SIGN_STYLE = Automatic;
				DEVELOPMENT_TEAM = PQT9G6B78G;
				INFOPLIST_FILE = YouTube/Info.plist;
				IPHONEOS_DEPLOYMENT_TARGET = 10.2;
				LD_RUNPATH_SEARCH_PATHS = "$(inherited) @executable_path/Frameworks";
				PRODUCT_BUNDLE_IDENTIFIER = com.phuongnt.YouTube;
				PRODUCT_NAME = "$(TARGET_NAME)";
				SWIFT_VERSION = 4.0;
				TARGETED_DEVICE_FAMILY = "1,2";
			};
			name = Release;
		};
/* End XCBuildConfiguration section */

/* Begin XCConfigurationList section */
		BF5C11D71FD5709200C13455 /* Build configuration list for PBXProject "YouTube" */ = {
			isa = XCConfigurationList;
			buildConfigurations = (
				BF5C11EC1FD5709200C13455 /* Debug */,
				BF5C11ED1FD5709200C13455 /* Release */,
			);
			defaultConfigurationIsVisible = 0;
			defaultConfigurationName = Release;
		};
		BF5C11EE1FD5709200C13455 /* Build configuration list for PBXNativeTarget "YouTube" */ = {
			isa = XCConfigurationList;
			buildConfigurations = (
				BF5C11EF1FD5709200C13455 /* Debug */,
				BF5C11F01FD5709200C13455 /* Release */,
			);
			defaultConfigurationIsVisible = 0;
			defaultConfigurationName = Release;
		};
/* End XCConfigurationList section */
	};
	rootObject = BF5C11D41FD5709200C13455 /* Project object */;
}
